
Microsoft Visual Studio Solution File, Format Version 12.00
# Visual Studio Version 16
VisualStudioVersion = 16.0.29509.3
MinimumVisualStudioVersion = 10.0.40219.1
Project("{FAE04EC0-301F-11D3-BF4B-00C04F79EFBC}") = "Task6.BLL", "Task6.BLL\Task6.BLL.csproj", "{4012D362-FF99-4D11-B588-92B50426B830}"
EndProject
Project("{FAE04EC0-301F-11D3-BF4B-00C04F79EFBC}") = "Task6.DAL", "Task6.DAL\Task6.DAL.csproj", "{99551359-5DC8-4EAF-88EA-B112B1ED4F85}"
EndProject
Project("{FAE04EC0-301F-11D3-BF4B-00C04F79EFBC}") = "Task6.ConsolePL", "Task6.ConsolePL\Task6.ConsolePL.csproj", "{C8B2FD61-1F00-43B5-8C67-911627314195}"
EndProject
Project("{FAE04EC0-301F-11D3-BF4B-00C04F79EFBC}") = "Task6.Entities", "Task6.Entities\Task6.Entities.csproj", "{DC02903D-C18B-4C94-B199-FEA85EE6D83C}"
EndProject
Project("{FAE04EC0-301F-11D3-BF4B-00C04F79EFBC}") = "Task6.BLL.Interfaces", "Task6.BLL.Interfaces\Task6.BLL.Interfaces.csproj", "{B2534410-4A4E-4EDB-A508-3E90BA16C266}"
EndProject
Project("{FAE04EC0-301F-11D3-BF4B-00C04F79EFBC}") = "Task6.Dao.Interfaces", "Task6.Dao.Interfaces\Task6.Dao.Interfaces.csproj", "{56D1EDDF-F3F8-4AE8-BA96-D83A453C420E}"
EndProject
Project("{2150E333-8FDC-42A3-9474-1A3956D46DE8}") = "PL", "PL", "{2D3B89FE-B67F-46EF-8765-E951C1317FB1}"
EndProject
Project("{2150E333-8FDC-42A3-9474-1A3956D46DE8}") = "BLL", "BLL", "{93823B86-0AC4-47FC-A348-ABD9F563F95B}"
EndProject
Project("{2150E333-8FDC-42A3-9474-1A3956D46DE8}") = "DAL", "DAL", "{C0138BF8-9054-46ED-81E5-A4A5ECF26F09}"
EndProject
Project("{2150E333-8FDC-42A3-9474-1A3956D46DE8}") = "Common", "Common", "{85399093-8ED2-4B80-AD12-1F0FC8C951FC}"
EndProject
Project("{FAE04EC0-301F-11D3-BF4B-00C04F79EFBC}") = "Task6.Ioc", "Task6.Ioc\Task6.Ioc.csproj", "{5E516FB0-BF63-44BC-A4B9-F533F79B8AFC}"
EndProject
Global
	GlobalSection(SolutionConfigurationPlatforms) = preSolution
		Debug|Any CPU = Debug|Any CPU
		Release|Any CPU = Release|Any CPU
	EndGlobalSection
	GlobalSection(ProjectConfigurationPlatforms) = postSolution
		{4012D362-FF99-4D11-B588-92B50426B830}.Debug|Any CPU.ActiveCfg = Debug|Any CPU
		{4012D362-FF99-4D11-B588-92B50426B830}.Debug|Any CPU.Build.0 = Debug|Any CPU
		{4012D362-FF99-4D11-B588-92B50426B830}.Release|Any CPU.ActiveCfg = Release|Any CPU
		{4012D362-FF99-4D11-B588-92B50426B830}.Release|Any CPU.Build.0 = Release|Any CPU
		{99551359-5DC8-4EAF-88EA-B112B1ED4F85}.Debug|Any CPU.ActiveCfg = Debug|Any CPU
		{99551359-5DC8-4EAF-88EA-B112B1ED4F85}.Debug|Any CPU.Build.0 = Debug|Any CPU
		{99551359-5DC8-4EAF-88EA-B112B1ED4F85}.Release|Any CPU.ActiveCfg = Release|Any CPU
		{99551359-5DC8-4EAF-88EA-B112B1ED4F85}.Release|Any CPU.Build.0 = Release|Any CPU
		{C8B2FD61-1F00-43B5-8C67-911627314195}.Debug|Any CPU.ActiveCfg = Debug|Any CPU
		{C8B2FD61-1F00-43B5-8C67-911627314195}.Debug|Any CPU.Build.0 = Debug|Any CPU
		{C8B2FD61-1F00-43B5-8C67-911627314195}.Release|Any CPU.ActiveCfg = Release|Any CPU
		{C8B2FD61-1F00-43B5-8C67-911627314195}.Release|Any CPU.Build.0 = Release|Any CPU
		{DC02903D-C18B-4C94-B199-FEA85EE6D83C}.Debug|Any CPU.ActiveCfg = Debug|Any CPU
		{DC02903D-C18B-4C94-B199-FEA85EE6D83C}.Debug|Any CPU.Build.0 = Debug|Any CPU
		{DC02903D-C18B-4C94-B199-FEA85EE6D83C}.Release|Any CPU.ActiveCfg = Release|Any CPU
		{DC02903D-C18B-4C94-B199-FEA85EE6D83C}.Release|Any CPU.Build.0 = Release|Any CPU
		{B2534410-4A4E-4EDB-A508-3E90BA16C266}.Debug|Any CPU.ActiveCfg = Debug|Any CPU
		{B2534410-4A4E-4EDB-A508-3E90BA16C266}.Debug|Any CPU.Build.0 = Debug|Any CPU
		{B2534410-4A4E-4EDB-A508-3E90BA16C266}.Release|Any CPU.ActiveCfg = Release|Any CPU
		{B2534410-4A4E-4EDB-A508-3E90BA16C266}.Release|Any CPU.Build.0 = Release|Any CPU
		{56D1EDDF-F3F8-4AE8-BA96-D83A453C420E}.Debug|Any CPU.ActiveCfg = Debug|Any CPU
		{56D1EDDF-F3F8-4AE8-BA96-D83A453C420E}.Debug|Any CPU.Build.0 = Debug|Any CPU
		{56D1EDDF-F3F8-4AE8-BA96-D83A453C420E}.Release|Any CPU.ActiveCfg = Release|Any CPU
		{56D1EDDF-F3F8-4AE8-BA96-D83A453C420E}.Release|Any CPU.Build.0 = Release|Any CPU
		{5E516FB0-BF63-44BC-A4B9-F533F79B8AFC}.Debug|Any CPU.ActiveCfg = Debug|Any CPU
		{5E516FB0-BF63-44BC-A4B9-F533F79B8AFC}.Debug|Any CPU.Build.0 = Debug|Any CPU
		{5E516FB0-BF63-44BC-A4B9-F533F79B8AFC}.Release|Any CPU.ActiveCfg = Release|Any CPU
		{5E516FB0-BF63-44BC-A4B9-F533F79B8AFC}.Release|Any CPU.Build.0 = Release|Any CPU
	EndGlobalSection
	GlobalSection(SolutionProperties) = preSolution
		HideSolutionNode = FALSE
	EndGlobalSection
	GlobalSection(NestedProjects) = preSolution
		{4012D362-FF99-4D11-B588-92B50426B830} = {93823B86-0AC4-47FC-A348-ABD9F563F95B}
		{99551359-5DC8-4EAF-88EA-B112B1ED4F85} = {C0138BF8-9054-46ED-81E5-A4A5ECF26F09}
		{C8B2FD61-1F00-43B5-8C67-911627314195} = {2D3B89FE-B67F-46EF-8765-E951C1317FB1}
		{DC02903D-C18B-4C94-B199-FEA85EE6D83C} = {85399093-8ED2-4B80-AD12-1F0FC8C951FC}
		{B2534410-4A4E-4EDB-A508-3E90BA16C266} = {93823B86-0AC4-47FC-A348-ABD9F563F95B}
		{56D1EDDF-F3F8-4AE8-BA96-D83A453C420E} = {C0138BF8-9054-46ED-81E5-A4A5ECF26F09}
	EndGlobalSection
	GlobalSection(ExtensibilityGlobals) = postSolution
		SolutionGuid = {A986E910-FDAF-4154-850F-C0F91F20B24C}
	EndGlobalSection
EndGlobal
