
Microsoft Visual Studio Solution File, Format Version 12.00
# Visual Studio Version 16
VisualStudioVersion = 16.0.29728.190
MinimumVisualStudioVersion = 10.0.40219.1
Project("{FAE04EC0-301F-11D3-BF4B-00C04F79EFBC}") = "Task10", "Task10\Task10.csproj", "{B3D8B566-9EB1-4CF9-B515-3929A9C6D321}"
EndProject
Project("{FAE04EC0-301F-11D3-BF4B-00C04F79EFBC}") = "Task6.BLL", "..\..\Task6\Task6.BLL\Task6.BLL.csproj", "{4012D362-FF99-4D11-B588-92B50426B830}"
EndProject
Project("{FAE04EC0-301F-11D3-BF4B-00C04F79EFBC}") = "Task6.BLL.Interfaces", "..\..\Task6\Task6.BLL.Interfaces\Task6.BLL.Interfaces.csproj", "{B2534410-4A4E-4EDB-A508-3E90BA16C266}"
EndProject
Project("{FAE04EC0-301F-11D3-BF4B-00C04F79EFBC}") = "Task6.ConsolePL", "..\..\Task6\Task6.ConsolePL\Task6.ConsolePL.csproj", "{C8B2FD61-1F00-43B5-8C67-911627314195}"
EndProject
Project("{FAE04EC0-301F-11D3-BF4B-00C04F79EFBC}") = "Task6.DAL", "..\..\Task6\Task6.DAL\Task6.DAL.csproj", "{99551359-5DC8-4EAF-88EA-B112B1ED4F85}"
EndProject
Project("{FAE04EC0-301F-11D3-BF4B-00C04F79EFBC}") = "Task6.Dao.Interfaces", "..\..\Task6\Task6.Dao.Interfaces\Task6.Dao.Interfaces.csproj", "{56D1EDDF-F3F8-4AE8-BA96-D83A453C420E}"
EndProject
Project("{FAE04EC0-301F-11D3-BF4B-00C04F79EFBC}") = "Task6.Entities", "..\..\Task6\Task6.Entities\Task6.Entities.csproj", "{DC02903D-C18B-4C94-B199-FEA85EE6D83C}"
EndProject
Project("{FAE04EC0-301F-11D3-BF4B-00C04F79EFBC}") = "Task6.Ioc", "..\..\Task6\Task6.Ioc\Task6.Ioc.csproj", "{5E516FB0-BF63-44BC-A4B9-F533F79B8AFC}"
EndProject
Project("{FAE04EC0-301F-11D3-BF4B-00C04F79EFBC}") = "Authentification", "Authentification\Authentification.csproj", "{DDE8588A-6AA6-467A-8954-EC162D3C14CB}"
EndProject
Project("{FAE04EC0-301F-11D3-BF4B-00C04F79EFBC}") = "BLL.Interfaces", "BLL.Interfaces\BLL.Interfaces.csproj", "{4354C97F-9B39-4B7F-99E5-8B8A65EA52A4}"
EndProject
Project("{FAE04EC0-301F-11D3-BF4B-00C04F79EFBC}") = "Entities", "Entities\Entities.csproj", "{AA641563-BFBC-4E63-9BF8-31596F09BEDB}"
EndProject
Global
	GlobalSection(SolutionConfigurationPlatforms) = preSolution
		Debug|Any CPU = Debug|Any CPU
		Release|Any CPU = Release|Any CPU
	EndGlobalSection
	GlobalSection(ProjectConfigurationPlatforms) = postSolution
		{B3D8B566-9EB1-4CF9-B515-3929A9C6D321}.Debug|Any CPU.ActiveCfg = Debug|Any CPU
		{B3D8B566-9EB1-4CF9-B515-3929A9C6D321}.Debug|Any CPU.Build.0 = Debug|Any CPU
		{B3D8B566-9EB1-4CF9-B515-3929A9C6D321}.Release|Any CPU.ActiveCfg = Release|Any CPU
		{B3D8B566-9EB1-4CF9-B515-3929A9C6D321}.Release|Any CPU.Build.0 = Release|Any CPU
		{4012D362-FF99-4D11-B588-92B50426B830}.Debug|Any CPU.ActiveCfg = Debug|Any CPU
		{4012D362-FF99-4D11-B588-92B50426B830}.Debug|Any CPU.Build.0 = Debug|Any CPU
		{4012D362-FF99-4D11-B588-92B50426B830}.Release|Any CPU.ActiveCfg = Release|Any CPU
		{4012D362-FF99-4D11-B588-92B50426B830}.Release|Any CPU.Build.0 = Release|Any CPU
		{B2534410-4A4E-4EDB-A508-3E90BA16C266}.Debug|Any CPU.ActiveCfg = Debug|Any CPU
		{B2534410-4A4E-4EDB-A508-3E90BA16C266}.Debug|Any CPU.Build.0 = Debug|Any CPU
		{B2534410-4A4E-4EDB-A508-3E90BA16C266}.Release|Any CPU.ActiveCfg = Release|Any CPU
		{B2534410-4A4E-4EDB-A508-3E90BA16C266}.Release|Any CPU.Build.0 = Release|Any CPU
		{C8B2FD61-1F00-43B5-8C67-911627314195}.Debug|Any CPU.ActiveCfg = Debug|Any CPU
		{C8B2FD61-1F00-43B5-8C67-911627314195}.Debug|Any CPU.Build.0 = Debug|Any CPU
		{C8B2FD61-1F00-43B5-8C67-911627314195}.Release|Any CPU.ActiveCfg = Release|Any CPU
		{C8B2FD61-1F00-43B5-8C67-911627314195}.Release|Any CPU.Build.0 = Release|Any CPU
		{99551359-5DC8-4EAF-88EA-B112B1ED4F85}.Debug|Any CPU.ActiveCfg = Debug|Any CPU
		{99551359-5DC8-4EAF-88EA-B112B1ED4F85}.Debug|Any CPU.Build.0 = Debug|Any CPU
		{99551359-5DC8-4EAF-88EA-B112B1ED4F85}.Release|Any CPU.ActiveCfg = Release|Any CPU
		{99551359-5DC8-4EAF-88EA-B112B1ED4F85}.Release|Any CPU.Build.0 = Release|Any CPU
		{56D1EDDF-F3F8-4AE8-BA96-D83A453C420E}.Debug|Any CPU.ActiveCfg = Debug|Any CPU
		{56D1EDDF-F3F8-4AE8-BA96-D83A453C420E}.Debug|Any CPU.Build.0 = Debug|Any CPU
		{56D1EDDF-F3F8-4AE8-BA96-D83A453C420E}.Release|Any CPU.ActiveCfg = Release|Any CPU
		{56D1EDDF-F3F8-4AE8-BA96-D83A453C420E}.Release|Any CPU.Build.0 = Release|Any CPU
		{DC02903D-C18B-4C94-B199-FEA85EE6D83C}.Debug|Any CPU.ActiveCfg = Debug|Any CPU
		{DC02903D-C18B-4C94-B199-FEA85EE6D83C}.Debug|Any CPU.Build.0 = Debug|Any CPU
		{DC02903D-C18B-4C94-B199-FEA85EE6D83C}.Release|Any CPU.ActiveCfg = Release|Any CPU
		{DC02903D-C18B-4C94-B199-FEA85EE6D83C}.Release|Any CPU.Build.0 = Release|Any CPU
		{5E516FB0-BF63-44BC-A4B9-F533F79B8AFC}.Debug|Any CPU.ActiveCfg = Debug|Any CPU
		{5E516FB0-BF63-44BC-A4B9-F533F79B8AFC}.Debug|Any CPU.Build.0 = Debug|Any CPU
		{5E516FB0-BF63-44BC-A4B9-F533F79B8AFC}.Release|Any CPU.ActiveCfg = Release|Any CPU
		{5E516FB0-BF63-44BC-A4B9-F533F79B8AFC}.Release|Any CPU.Build.0 = Release|Any CPU
		{DDE8588A-6AA6-467A-8954-EC162D3C14CB}.Debug|Any CPU.ActiveCfg = Debug|Any CPU
		{DDE8588A-6AA6-467A-8954-EC162D3C14CB}.Debug|Any CPU.Build.0 = Debug|Any CPU
		{DDE8588A-6AA6-467A-8954-EC162D3C14CB}.Release|Any CPU.ActiveCfg = Release|Any CPU
		{DDE8588A-6AA6-467A-8954-EC162D3C14CB}.Release|Any CPU.Build.0 = Release|Any CPU
		{4354C97F-9B39-4B7F-99E5-8B8A65EA52A4}.Debug|Any CPU.ActiveCfg = Debug|Any CPU
		{4354C97F-9B39-4B7F-99E5-8B8A65EA52A4}.Debug|Any CPU.Build.0 = Debug|Any CPU
		{4354C97F-9B39-4B7F-99E5-8B8A65EA52A4}.Release|Any CPU.ActiveCfg = Release|Any CPU
		{4354C97F-9B39-4B7F-99E5-8B8A65EA52A4}.Release|Any CPU.Build.0 = Release|Any CPU
		{AA641563-BFBC-4E63-9BF8-31596F09BEDB}.Debug|Any CPU.ActiveCfg = Debug|Any CPU
		{AA641563-BFBC-4E63-9BF8-31596F09BEDB}.Debug|Any CPU.Build.0 = Debug|Any CPU
		{AA641563-BFBC-4E63-9BF8-31596F09BEDB}.Release|Any CPU.ActiveCfg = Release|Any CPU
		{AA641563-BFBC-4E63-9BF8-31596F09BEDB}.Release|Any CPU.Build.0 = Release|Any CPU
	EndGlobalSection
	GlobalSection(SolutionProperties) = preSolution
		HideSolutionNode = FALSE
	EndGlobalSection
	GlobalSection(ExtensibilityGlobals) = postSolution
		SolutionGuid = {827160C6-9C35-48DA-BF82-335F5B9D1574}
	EndGlobalSection
EndGlobal
